
Microsoft Visual Studio Solution File, Format Version 12.00
# Visual Studio Version 17
VisualStudioVersion = 17.0.31903.59
MinimumVisualStudioVersion = 10.0.40219.1
Project("{2150E333-8FDC-42A3-9474-1A3956D46DE8}") = "backend", "backend", "{1AE8ACA6-933B-BF2A-3671-3E2EAC007D16}"
EndProject
Project("{2150E333-8FDC-42A3-9474-1A3956D46DE8}") = "src", "src", "{0F9113EE-888A-26D2-68B0-4A7D0A2A8745}"
EndProject
Project("{2150E333-8FDC-42A3-9474-1A3956D46DE8}") = "Core", "Core", "{3CBF8B06-773E-1BEF-11DA-790A12DA9FF0}"
EndProject
Project("{FAE04EC0-301F-11D3-BF4B-00C04F79EFBC}") = "SwapIt.Core", "backend\src\Core\SwapIt.Core.csproj", "{CAFB2A48-2384-439B-96F3-8323EC2D6DD4}"
EndProject
Project("{2150E333-8FDC-42A3-9474-1A3956D46DE8}") = "Application", "Application", "{DD51F25B-189C-C109-44C9-4CFD0205B88C}"
EndProject
Project("{FAE04EC0-301F-11D3-BF4B-00C04F79EFBC}") = "SwapIt.Application", "backend\src\Application\SwapIt.Application.csproj", "{CFBA9726-F094-4684-BD57-0C7C7DB24E4D}"
EndProject
Project("{2150E333-8FDC-42A3-9474-1A3956D46DE8}") = "Infrastructure", "Infrastructure", "{2E00793F-1FC4-E5CF-561B-B85C6FC4F4EC}"
EndProject
Project("{FAE04EC0-301F-11D3-BF4B-00C04F79EFBC}") = "SwapIt.Infrastructure", "backend\src\Infrastructure\SwapIt.Infrastructure.csproj", "{EDFD8368-1EFF-4C1E-88DC-A114774AC98D}"
EndProject
Project("{2150E333-8FDC-42A3-9474-1A3956D46DE8}") = "API", "API", "{BA6F7829-E8E0-0751-39EF-2A8D88499F23}"
EndProject
Project("{FAE04EC0-301F-11D3-BF4B-00C04F79EFBC}") = "SwapIt.API", "backend\src\API\SwapIt.API.csproj", "{4D276FE5-198C-4296-BAD1-F08324E3A3BF}"
EndProject
Global
	GlobalSection(SolutionConfigurationPlatforms) = preSolution
		Debug|Any CPU = Debug|Any CPU
		Debug|x64 = Debug|x64
		Debug|x86 = Debug|x86
		Release|Any CPU = Release|Any CPU
		Release|x64 = Release|x64
		Release|x86 = Release|x86
	EndGlobalSection
	GlobalSection(ProjectConfigurationPlatforms) = postSolution
		{CAFB2A48-2384-439B-96F3-8323EC2D6DD4}.Debug|Any CPU.ActiveCfg = Debug|Any CPU
		{CAFB2A48-2384-439B-96F3-8323EC2D6DD4}.Debug|Any CPU.Build.0 = Debug|Any CPU
		{CAFB2A48-2384-439B-96F3-8323EC2D6DD4}.Debug|x64.ActiveCfg = Debug|Any CPU
		{CAFB2A48-2384-439B-96F3-8323EC2D6DD4}.Debug|x64.Build.0 = Debug|Any CPU
		{CAFB2A48-2384-439B-96F3-8323EC2D6DD4}.Debug|x86.ActiveCfg = Debug|Any CPU
		{CAFB2A48-2384-439B-96F3-8323EC2D6DD4}.Debug|x86.Build.0 = Debug|Any CPU
		{CAFB2A48-2384-439B-96F3-8323EC2D6DD4}.Release|Any CPU.ActiveCfg = Release|Any CPU
		{CAFB2A48-2384-439B-96F3-8323EC2D6DD4}.Release|Any CPU.Build.0 = Release|Any CPU
		{CAFB2A48-2384-439B-96F3-8323EC2D6DD4}.Release|x64.ActiveCfg = Release|Any CPU
		{CAFB2A48-2384-439B-96F3-8323EC2D6DD4}.Release|x64.Build.0 = Release|Any CPU
		{CAFB2A48-2384-439B-96F3-8323EC2D6DD4}.Release|x86.ActiveCfg = Release|Any CPU
		{CAFB2A48-2384-439B-96F3-8323EC2D6DD4}.Release|x86.Build.0 = Release|Any CPU
		{CFBA9726-F094-4684-BD57-0C7C7DB24E4D}.Debug|Any CPU.ActiveCfg = Debug|Any CPU
		{CFBA9726-F094-4684-BD57-0C7C7DB24E4D}.Debug|Any CPU.Build.0 = Debug|Any CPU
		{CFBA9726-F094-4684-BD57-0C7C7DB24E4D}.Debug|x64.ActiveCfg = Debug|Any CPU
		{CFBA9726-F094-4684-BD57-0C7C7DB24E4D}.Debug|x64.Build.0 = Debug|Any CPU
		{CFBA9726-F094-4684-BD57-0C7C7DB24E4D}.Debug|x86.ActiveCfg = Debug|Any CPU
		{CFBA9726-F094-4684-BD57-0C7C7DB24E4D}.Debug|x86.Build.0 = Debug|Any CPU
		{CFBA9726-F094-4684-BD57-0C7C7DB24E4D}.Release|Any CPU.ActiveCfg = Release|Any CPU
		{CFBA9726-F094-4684-BD57-0C7C7DB24E4D}.Release|Any CPU.Build.0 = Release|Any CPU
		{CFBA9726-F094-4684-BD57-0C7C7DB24E4D}.Release|x64.ActiveCfg = Release|Any CPU
		{CFBA9726-F094-4684-BD57-0C7C7DB24E4D}.Release|x64.Build.0 = Release|Any CPU
		{CFBA9726-F094-4684-BD57-0C7C7DB24E4D}.Release|x86.ActiveCfg = Release|Any CPU
		{CFBA9726-F094-4684-BD57-0C7C7DB24E4D}.Release|x86.Build.0 = Release|Any CPU
		{EDFD8368-1EFF-4C1E-88DC-A114774AC98D}.Debug|Any CPU.ActiveCfg = Debug|Any CPU
		{EDFD8368-1EFF-4C1E-88DC-A114774AC98D}.Debug|Any CPU.Build.0 = Debug|Any CPU
		{EDFD8368-1EFF-4C1E-88DC-A114774AC98D}.Debug|x64.ActiveCfg = Debug|Any CPU
		{EDFD8368-1EFF-4C1E-88DC-A114774AC98D}.Debug|x64.Build.0 = Debug|Any CPU
		{EDFD8368-1EFF-4C1E-88DC-A114774AC98D}.Debug|x86.ActiveCfg = Debug|Any CPU
		{EDFD8368-1EFF-4C1E-88DC-A114774AC98D}.Debug|x86.Build.0 = Debug|Any CPU
		{EDFD8368-1EFF-4C1E-88DC-A114774AC98D}.Release|Any CPU.ActiveCfg = Release|Any CPU
		{EDFD8368-1EFF-4C1E-88DC-A114774AC98D}.Release|Any CPU.Build.0 = Release|Any CPU
		{EDFD8368-1EFF-4C1E-88DC-A114774AC98D}.Release|x64.ActiveCfg = Release|Any CPU
		{EDFD8368-1EFF-4C1E-88DC-A114774AC98D}.Release|x64.Build.0 = Release|Any CPU
		{EDFD8368-1EFF-4C1E-88DC-A114774AC98D}.Release|x86.ActiveCfg = Release|Any CPU
		{EDFD8368-1EFF-4C1E-88DC-A114774AC98D}.Release|x86.Build.0 = Release|Any CPU
		{4D276FE5-198C-4296-BAD1-F08324E3A3BF}.Debug|Any CPU.ActiveCfg = Debug|Any CPU
		{4D276FE5-198C-4296-BAD1-F08324E3A3BF}.Debug|Any CPU.Build.0 = Debug|Any CPU
		{4D276FE5-198C-4296-BAD1-F08324E3A3BF}.Debug|x64.ActiveCfg = Debug|Any CPU
		{4D276FE5-198C-4296-BAD1-F08324E3A3BF}.Debug|x64.Build.0 = Debug|Any CPU
		{4D276FE5-198C-4296-BAD1-F08324E3A3BF}.Debug|x86.ActiveCfg = Debug|Any CPU
		{4D276FE5-198C-4296-BAD1-F08324E3A3BF}.Debug|x86.Build.0 = Debug|Any CPU
		{4D276FE5-198C-4296-BAD1-F08324E3A3BF}.Release|Any CPU.ActiveCfg = Release|Any CPU
		{4D276FE5-198C-4296-BAD1-F08324E3A3BF}.Release|Any CPU.Build.0 = Release|Any CPU
		{4D276FE5-198C-4296-BAD1-F08324E3A3BF}.Release|x64.ActiveCfg = Release|Any CPU
		{4D276FE5-198C-4296-BAD1-F08324E3A3BF}.Release|x64.Build.0 = Release|Any CPU
		{4D276FE5-198C-4296-BAD1-F08324E3A3BF}.Release|x86.ActiveCfg = Release|Any CPU
		{4D276FE5-198C-4296-BAD1-F08324E3A3BF}.Release|x86.Build.0 = Release|Any CPU
	EndGlobalSection
	GlobalSection(SolutionProperties) = preSolution
		HideSolutionNode = FALSE
	EndGlobalSection
	GlobalSection(NestedProjects) = preSolution
		{0F9113EE-888A-26D2-68B0-4A7D0A2A8745} = {1AE8ACA6-933B-BF2A-3671-3E2EAC007D16}
		{3CBF8B06-773E-1BEF-11DA-790A12DA9FF0} = {0F9113EE-888A-26D2-68B0-4A7D0A2A8745}
		{CAFB2A48-2384-439B-96F3-8323EC2D6DD4} = {3CBF8B06-773E-1BEF-11DA-790A12DA9FF0}
		{DD51F25B-189C-C109-44C9-4CFD0205B88C} = {0F9113EE-888A-26D2-68B0-4A7D0A2A8745}
		{CFBA9726-F094-4684-BD57-0C7C7DB24E4D} = {DD51F25B-189C-C109-44C9-4CFD0205B88C}
		{2E00793F-1FC4-E5CF-561B-B85C6FC4F4EC} = {0F9113EE-888A-26D2-68B0-4A7D0A2A8745}
		{EDFD8368-1EFF-4C1E-88DC-A114774AC98D} = {2E00793F-1FC4-E5CF-561B-B85C6FC4F4EC}
		{BA6F7829-E8E0-0751-39EF-2A8D88499F23} = {0F9113EE-888A-26D2-68B0-4A7D0A2A8745}
		{4D276FE5-198C-4296-BAD1-F08324E3A3BF} = {BA6F7829-E8E0-0751-39EF-2A8D88499F23}
	EndGlobalSection
EndGlobal
